
Microsoft Visual Studio Solution File, Format Version 12.00
# Visual Studio Version 17
VisualStudioVersion = 17.0.31903.59
MinimumVisualStudioVersion = 10.0.40219.1
Project("{2150E333-8FDC-42A3-9474-1A3956D46DE8}") = "src", "src", "{093F329C-E9FD-4B8D-A70D-AC171CCE06E5}"
EndProject
Project("{FAE04EC0-301F-11D3-BF4B-00C04F79EFBC}") = "ArchSoft.ExtensionMethods", "src\ArchSoft.ExtensionMethods\ArchSoft.ExtensionMethods.csproj", "{6E627DCE-7318-41B4-9E97-101740E57A06}"
EndProject
Project("{2150E333-8FDC-42A3-9474-1A3956D46DE8}") = "test", "test", "{3DD9146D-2B9C-4237-931D-A11A773936C4}"
EndProject
Project("{FAE04EC0-301F-11D3-BF4B-00C04F79EFBC}") = "ArchSoft.ExtensionMethods.UnitTest", "test\ArchSoft.ExtensionMethods.UnitTest\ArchSoft.ExtensionMethods.UnitTest.csproj", "{882A1CE5-731B-4148-BF9E-3E277F732896}"
EndProject
Global
	GlobalSection(SolutionConfigurationPlatforms) = preSolution
		Debug|Any CPU = Debug|Any CPU
		Release|Any CPU = Release|Any CPU
	EndGlobalSection
	GlobalSection(SolutionProperties) = preSolution
		HideSolutionNode = FALSE
	EndGlobalSection
	GlobalSection(ProjectConfigurationPlatforms) = postSolution
		{6E627DCE-7318-41B4-9E97-101740E57A06}.Debug|Any CPU.ActiveCfg = Debug|Any CPU
		{6E627DCE-7318-41B4-9E97-101740E57A06}.Debug|Any CPU.Build.0 = Debug|Any CPU
		{6E627DCE-7318-41B4-9E97-101740E57A06}.Release|Any CPU.ActiveCfg = Release|Any CPU
		{6E627DCE-7318-41B4-9E97-101740E57A06}.Release|Any CPU.Build.0 = Release|Any CPU
		{882A1CE5-731B-4148-BF9E-3E277F732896}.Debug|Any CPU.ActiveCfg = Debug|Any CPU
		{882A1CE5-731B-4148-BF9E-3E277F732896}.Debug|Any CPU.Build.0 = Debug|Any CPU
		{882A1CE5-731B-4148-BF9E-3E277F732896}.Release|Any CPU.ActiveCfg = Release|Any CPU
		{882A1CE5-731B-4148-BF9E-3E277F732896}.Release|Any CPU.Build.0 = Release|Any CPU
	EndGlobalSection
	GlobalSection(NestedProjects) = preSolution
		{6E627DCE-7318-41B4-9E97-101740E57A06} = {093F329C-E9FD-4B8D-A70D-AC171CCE06E5}
		{882A1CE5-731B-4148-BF9E-3E277F732896} = {3DD9146D-2B9C-4237-931D-A11A773936C4}
	EndGlobalSection
EndGlobal
